
Microsoft Visual Studio Solution File, Format Version 12.00
# Visual Studio Version 16
VisualStudioVersion = 16.0.31515.178
MinimumVisualStudioVersion = 10.0.40219.1
Project("{FAE04EC0-301F-11D3-BF4B-00C04F79EFBC}") = "SADigital", "SADigital.csproj", "{86163548-0F78-4699-ADA4-DA6C3DD7229F}"
EndProject
Global
	GlobalSection(SolutionConfigurationPlatforms) = preSolution
		Debug|Any CPU = Debug|Any CPU
		Release|Any CPU = Release|Any CPU
	EndGlobalSection
	GlobalSection(ProjectConfigurationPlatforms) = postSolution
		{86163548-0F78-4699-ADA4-DA6C3DD7229F}.Debug|Any CPU.ActiveCfg = Debug|Any CPU
		{86163548-0F78-4699-ADA4-DA6C3DD7229F}.Debug|Any CPU.Build.0 = Debug|Any CPU
		{86163548-0F78-4699-ADA4-DA6C3DD7229F}.Release|Any CPU.ActiveCfg = Release|Any CPU
		{86163548-0F78-4699-ADA4-DA6C3DD7229F}.Release|Any CPU.Build.0 = Release|Any CPU
	EndGlobalSection
	GlobalSection(SolutionProperties) = preSolution
		HideSolutionNode = FALSE
	EndGlobalSection
	GlobalSection(ExtensibilityGlobals) = postSolution
		SolutionGuid = {4A0E02A2-A4C7-4826-95CB-6C442E13859F}
	EndGlobalSection
EndGlobal
